
Microsoft Visual Studio Solution File, Format Version 12.00
# Visual Studio Version 16
VisualStudioVersion = 16.0.31402.337
MinimumVisualStudioVersion = 10.0.40219.1
Project("{FAE04EC0-301F-11D3-BF4B-00C04F79EFBC}") = "Cafeteria.Api", "Cafeteria.Api\Cafeteria.Api.csproj", "{8BA1FC17-A595-4047-8112-35FAA3A1C1DB}"
EndProject
Global
	GlobalSection(SolutionConfigurationPlatforms) = preSolution
		Debug|Any CPU = Debug|Any CPU
		Release|Any CPU = Release|Any CPU
	EndGlobalSection
	GlobalSection(ProjectConfigurationPlatforms) = postSolution
		{8BA1FC17-A595-4047-8112-35FAA3A1C1DB}.Debug|Any CPU.ActiveCfg = Debug|Any CPU
		{8BA1FC17-A595-4047-8112-35FAA3A1C1DB}.Debug|Any CPU.Build.0 = Debug|Any CPU
		{8BA1FC17-A595-4047-8112-35FAA3A1C1DB}.Release|Any CPU.ActiveCfg = Release|Any CPU
		{8BA1FC17-A595-4047-8112-35FAA3A1C1DB}.Release|Any CPU.Build.0 = Release|Any CPU
	EndGlobalSection
	GlobalSection(SolutionProperties) = preSolution
		HideSolutionNode = FALSE
	EndGlobalSection
	GlobalSection(ExtensibilityGlobals) = postSolution
		SolutionGuid = {2185525A-6C76-4DA8-B9F8-C261B8D676CA}
	EndGlobalSection
EndGlobal
